// !$*UTF8*$!
{
	archiveVersion = 1;
	classes = {
	};
	objectVersion = 46;
	objects = {

/* Begin PBXBuildFile section */
		A735258A1A05E18B00371E8A /* main.m in Sources */ = {isa = PBXBuildFile; fileRef = A73525891A05E18B00371E8A /* main.m */; };
		A735258D1A05E18B00371E8A /* AppDelegate.m in Sources */ = {isa = PBXBuildFile; fileRef = A735258C1A05E18B00371E8A /* AppDelegate.m */; };
		A73525901A05E18B00371E8A /* ViewController.m in Sources */ = {isa = PBXBuildFile; fileRef = A735258F1A05E18B00371E8A /* ViewController.m */; };
		A73525931A05E18B00371E8A /* Main.storyboard in Resources */ = {isa = PBXBuildFile; fileRef = A73525911A05E18B00371E8A /* Main.storyboard */; };
		A73525951A05E18B00371E8A /* Images.xcassets in Resources */ = {isa = PBXBuildFile; fileRef = A73525941A05E18B00371E8A /* Images.xcassets */; };
		A73525981A05E18B00371E8A /* LaunchScreen.xib in Resources */ = {isa = PBXBuildFile; fileRef = A73525961A05E18B00371E8A /* LaunchScreen.xib */; };
		A73525A41A05E18B00371E8A /* PlayTheMarketMKIITests.m in Sources */ = {isa = PBXBuildFile; fileRef = A73525A31A05E18B00371E8A /* PlayTheMarketMKIITests.m */; };
/* End PBXBuildFile section */

/* Begin PBXContainerItemProxy section */
		A735259E1A05E18B00371E8A /* PBXContainerItemProxy */ = {
			isa = PBXContainerItemProxy;
			containerPortal = A735257C1A05E18B00371E8A /* Project object */;
			proxyType = 1;
			remoteGlobalIDString = A73525831A05E18B00371E8A;
			remoteInfo = PlayTheMarketMKII;
		};
/* End PBXContainerItemProxy section */

/* Begin PBXFileReference section */
		A73525841A05E18B00371E8A /* PlayTheMarketMKII.app */ = {isa = PBXFileReference; explicitFileType = wrapper.application; includeInIndex = 0; path = PlayTheMarketMKII.app; sourceTree = BUILT_PRODUCTS_DIR; };
		A73525881A05E18B00371E8A /* Info.plist */ = {isa = PBXFileReference; lastKnownFileType = text.plist.xml; path = Info.plist; sourceTree = "<group>"; };
		A73525891A05E18B00371E8A /* main.m */ = {isa = PBXFileReference; lastKnownFileType = sourcecode.c.objc; path = main.m; sourceTree = "<group>"; };
		A735258B1A05E18B00371E8A /* AppDelegate.h */ = {isa = PBXFileReference; lastKnownFileType = sourcecode.c.h; path = AppDelegate.h; sourceTree = "<group>"; };
		A735258C1A05E18B00371E8A /* AppDelegate.m */ = {isa = PBXFileReference; lastKnownFileType = sourcecode.c.objc; path = AppDelegate.m; sourceTree = "<group>"; };
		A735258E1A05E18B00371E8A /* ViewController.h */ = {isa = PBXFileReference; lastKnownFileType = sourcecode.c.h; path = ViewController.h; sourceTree = "<group>"; };
		A735258F1A05E18B00371E8A /* ViewController.m */ = {isa = PBXFileReference; lastKnownFileType = sourcecode.c.objc; path = ViewController.m; sourceTree = "<group>"; };
		A73525921A05E18B00371E8A /* Base */ = {isa = PBXFileReference; lastKnownFileType = file.storyboard; name = Base; path = Base.lproj/Main.storyboard; sourceTree = "<group>"; };
		A73525941A05E18B00371E8A /* Images.xcassets */ = {isa = PBXFileReference; lastKnownFileType = folder.assetcatalog; path = Images.xcassets; sourceTree = "<group>"; };
		A73525971A05E18B00371E8A /* Base */ = {isa = PBXFileReference; lastKnownFileType = file.xib; name = Base; path = Base.lproj/LaunchScreen.xib; sourceTree = "<group>"; };
		A735259D1A05E18B00371E8A /* PlayTheMarketMKIITests.xctest */ = {isa = PBXFileReference; explicitFileType = wrapper.cfbundle; includeInIndex = 0; path = PlayTheMarketMKIITests.xctest; sourceTree = BUILT_PRODUCTS_DIR; };
		A73525A21A05E18B00371E8A /* Info.plist */ = {isa = PBXFileReference; lastKnownFileType = text.plist.xml; path = Info.plist; sourceTree = "<group>"; };
		A73525A31A05E18B00371E8A /* PlayTheMarketMKIITests.m */ = {isa = PBXFileReference; lastKnownFileType = sourcecode.c.objc; path = PlayTheMarketMKIITests.m; sourceTree = "<group>"; };
/* End PBXFileReference section */

/* Begin PBXFrameworksBuildPhase section */
		A73525811A05E18B00371E8A /* Frameworks */ = {
			isa = PBXFrameworksBuildPhase;
			buildActionMask = 2147483647;
			files = (
			);
			runOnlyForDeploymentPostprocessing = 0;
		};
		A735259A1A05E18B00371E8A /* Frameworks */ = {
			isa = PBXFrameworksBuildPhase;
			buildActionMask = 2147483647;
			files = (
			);
			runOnlyForDeploymentPostprocessing = 0;
		};
/* End PBXFrameworksBuildPhase section */

/* Begin PBXGroup section */
		A735257B1A05E18B00371E8A = {
			isa = PBXGroup;
			children = (
				A73525861A05E18B00371E8A /* PlayTheMarketMKII */,
				A73525A01A05E18B00371E8A /* PlayTheMarketMKIITests */,
				A73525851A05E18B00371E8A /* Products */,
			);
			sourceTree = "<group>";
		};
		A73525851A05E18B00371E8A /* Products */ = {
			isa = PBXGroup;
			children = (
				A73525841A05E18B00371E8A /* PlayTheMarketMKII.app */,
				A735259D1A05E18B00371E8A /* PlayTheMarketMKIITests.xctest */,
			);
			name = Products;
			sourceTree = "<group>";
		};
		A73525861A05E18B00371E8A /* PlayTheMarketMKII */ = {
			isa = PBXGroup;
			children = (
				A735258B1A05E18B00371E8A /* AppDelegate.h */,
				A735258C1A05E18B00371E8A /* AppDelegate.m */,
				A735258E1A05E18B00371E8A /* ViewController.h */,
				A735258F1A05E18B00371E8A /* ViewController.m */,
				A73525911A05E18B00371E8A /* Main.storyboard */,
				A73525941A05E18B00371E8A /* Images.xcassets */,
				A73525961A05E18B00371E8A /* LaunchScreen.xib */,
				A73525871A05E18B00371E8A /* Supporting Files */,
			);
			path = PlayTheMarketMKII;
			sourceTree = "<group>";
		};
		A73525871A05E18B00371E8A /* Supporting Files */ = {
			isa = PBXGroup;
			children = (
				A73525881A05E18B00371E8A /* Info.plist */,
				A73525891A05E18B00371E8A /* main.m */,
			);
			name = "Supporting Files";
			sourceTree = "<group>";
		};
		A73525A01A05E18B00371E8A /* PlayTheMarketMKIITests */ = {
			isa = PBXGroup;
			children = (
				A73525A31A05E18B00371E8A /* PlayTheMarketMKIITests.m */,
				A73525A11A05E18B00371E8A /* Supporting Files */,
			);
			path = PlayTheMarketMKIITests;
			sourceTree = "<group>";
		};
		A73525A11A05E18B00371E8A /* Supporting Files */ = {
			isa = PBXGroup;
			children = (
				A73525A21A05E18B00371E8A /* Info.plist */,
			);
			name = "Supporting Files";
			sourceTree = "<group>";
		};
/* End PBXGroup section */

/* Begin PBXNativeTarget section */
		A73525831A05E18B00371E8A /* PlayTheMarketMKII */ = {
			isa = PBXNativeTarget;
			buildConfigurationList = A73525A71A05E18B00371E8A /* Build configuration list for PBXNativeTarget "PlayTheMarketMKII" */;
			buildPhases = (
				A73525801A05E18B00371E8A /* Sources */,
				A73525811A05E18B00371E8A /* Frameworks */,
				A73525821A05E18B00371E8A /* Resources */,
			);
			buildRules = (
			);
			dependencies = (
			);
			name = PlayTheMarketMKII;
			productName = PlayTheMarketMKII;
			productReference = A73525841A05E18B00371E8A /* PlayTheMarketMKII.app */;
			productType = "com.apple.product-type.application";
		};
		A735259C1A05E18B00371E8A /* PlayTheMarketMKIITests */ = {
			isa = PBXNativeTarget;
			buildConfigurationList = A73525AA1A05E18B00371E8A /* Build configuration list for PBXNativeTarget "PlayTheMarketMKIITests" */;
			buildPhases = (
				A73525991A05E18B00371E8A /* Sources */,
				A735259A1A05E18B00371E8A /* Frameworks */,
				A735259B1A05E18B00371E8A /* Resources */,
			);
			buildRules = (
			);
			dependencies = (
				A735259F1A05E18B00371E8A /* PBXTargetDependency */,
			);
			name = PlayTheMarketMKIITests;
			productName = PlayTheMarketMKIITests;
			productReference = A735259D1A05E18B00371E8A /* PlayTheMarketMKIITests.xctest */;
			productType = "com.apple.product-type.bundle.unit-test";
		};
/* End PBXNativeTarget section */

/* Begin PBXProject section */
		A735257C1A05E18B00371E8A /* Project object */ = {
			isa = PBXProject;
			attributes = {
				LastUpgradeCheck = 0610;
				ORGANIZATIONNAME = "Brandon Fink";
				TargetAttributes = {
					A73525831A05E18B00371E8A = {
						CreatedOnToolsVersion = 6.1;
					};
					A735259C1A05E18B00371E8A = {
						CreatedOnToolsVersion = 6.1;
						TestTargetID = A73525831A05E18B00371E8A;
					};
				};
			};
			buildConfigurationList = A735257F1A05E18B00371E8A /* Build configuration list for PBXProject "PlayTheMarketMKII" */;
			compatibilityVersion = "Xcode 3.2";
			developmentRegion = English;
			hasScannedForEncodings = 0;
			knownRegions = (
				en,
				Base,
			);
			mainGroup = A735257B1A05E18B00371E8A;
			productRefGroup = A73525851A05E18B00371E8A /* Products */;
			projectDirPath = "";
			projectRoot = "";
			targets = (
				A73525831A05E18B00371E8A /* PlayTheMarketMKII */,
				A735259C1A05E18B00371E8A /* PlayTheMarketMKIITests */,
			);
		};
/* End PBXProject section */

/* Begin PBXResourcesBuildPhase section */
		A73525821A05E18B00371E8A /* Resources */ = {
			isa = PBXResourcesBuildPhase;
			buildActionMask = 2147483647;
			files = (
				A73525931A05E18B00371E8A /* Main.storyboard in Resources */,
				A73525981A05E18B00371E8A /* LaunchScreen.xib in Resources */,
				A73525951A05E18B00371E8A /* Images.xcassets in Resources */,
			);
			runOnlyForDeploymentPostprocessing = 0;
		};
		A735259B1A05E18B00371E8A /* Resources */ = {
			isa = PBXResourcesBuildPhase;
			buildActionMask = 2147483647;
			files = (
			);
			runOnlyForDeploymentPostprocessing = 0;
		};
/* End PBXResourcesBuildPhase section */

/* Begin PBXSourcesBuildPhase section */
		A73525801A05E18B00371E8A /* Sources */ = {
			isa = PBXSourcesBuildPhase;
			buildActionMask = 2147483647;
			files = (
				A73525901A05E18B00371E8A /* ViewController.m in Sources */,
				A735258D1A05E18B00371E8A /* AppDelegate.m in Sources */,
				A735258A1A05E18B00371E8A /* main.m in Sources */,
			);
			runOnlyForDeploymentPostprocessing = 0;
		};
		A73525991A05E18B00371E8A /* Sources */ = {
			isa = PBXSourcesBuildPhase;
			buildActionMask = 2147483647;
			files = (
				A73525A41A05E18B00371E8A /* PlayTheMarketMKIITests.m in Sources */,
			);
			runOnlyForDeploymentPostprocessing = 0;
		};
/* End PBXSourcesBuildPhase section */

/* Begin PBXTargetDependency section */
		A735259F1A05E18B00371E8A /* PBXTargetDependency */ = {
			isa = PBXTargetDependency;
			target = A73525831A05E18B00371E8A /* PlayTheMarketMKII */;
			targetProxy = A735259E1A05E18B00371E8A /* PBXContainerItemProxy */;
		};
/* End PBXTargetDependency section */

/* Begin PBXVariantGroup section */
		A73525911A05E18B00371E8A /* Main.storyboard */ = {
			isa = PBXVariantGroup;
			children = (
				A73525921A05E18B00371E8A /* Base */,
			);
			name = Main.storyboard;
			sourceTree = "<group>";
		};
		A73525961A05E18B00371E8A /* LaunchScreen.xib */ = {
			isa = PBXVariantGroup;
			children = (
				A73525971A05E18B00371E8A /* Base */,
			);
			name = LaunchScreen.xib;
			sourceTree = "<group>";
		};
/* End PBXVariantGroup section */

/* Begin XCBuildConfiguration section */
		A73525A51A05E18B00371E8A /* Debug */ = {
			isa = XCBuildConfiguration;
			buildSettings = {
				ALWAYS_SEARCH_USER_PATHS = NO;
				CLANG_CXX_LANGUAGE_STANDARD = "gnu++0x";
				CLANG_CXX_LIBRARY = "libc++";
				CLANG_ENABLE_MODULES = YES;
				CLANG_ENABLE_OBJC_ARC = YES;
				CLANG_WARN_BOOL_CONVERSION = YES;
				CLANG_WARN_CONSTANT_CONVERSION = YES;
				CLANG_WARN_DIRECT_OBJC_ISA_USAGE = YES_ERROR;
				CLANG_WARN_EMPTY_BODY = YES;
				CLANG_WARN_ENUM_CONVERSION = YES;
				CLANG_WARN_INT_CONVERSION = YES;
				CLANG_WARN_OBJC_ROOT_CLASS = YES_ERROR;
				CLANG_WARN_UNREACHABLE_CODE = YES;
				CLANG_WARN__DUPLICATE_METHOD_MATCH = YES;
				"CODE_SIGN_IDENTITY[sdk=iphoneos*]" = "iPhone Developer";
				COPY_PHASE_STRIP = NO;
				ENABLE_STRICT_OBJC_MSGSEND = YES;
				GCC_C_LANGUAGE_STANDARD = gnu99;
				GCC_DYNAMIC_NO_PIC = NO;
				GCC_OPTIMIZATION_LEVEL = 0;
				GCC_PREPROCESSOR_DEFINITIONS = (
					"DEBUG=1",
					"$(inherited)",
				);
				GCC_SYMBOLS_PRIVATE_EXTERN = NO;
				GCC_WARN_64_TO_32_BIT_CONVERSION = YES;
				GCC_WARN_ABOUT_RETURN_TYPE = YES_ERROR;
				GCC_WARN_UNDECLARED_SELECTOR = YES;
				GCC_WARN_UNINITIALIZED_AUTOS = YES_AGGRESSIVE;
				GCC_WARN_UNUSED_FUNCTION = YES;
				GCC_WARN_UNUSED_VARIABLE = YES;
				IPHONEOS_DEPLOYMENT_TARGET = 8.1;
				MTL_ENABLE_DEBUG_INFO = YES;
				ONLY_ACTIVE_ARCH = YES;
				SDKROOT = iphoneos;
			};
			name = Debug;
		};
		A73525A61A05E18B00371E8A /* Release */ = {
			isa = XCBuildConfiguration;
			buildSettings = {
				ALWAYS_SEARCH_USER_PATHS = NO;
				CLANG_CXX_LANGUAGE_STANDARD = "gnu++0x";
				CLANG_CXX_LIBRARY = "libc++";
				CLANG_ENABLE_MODULES = YES;
				CLANG_ENABLE_OBJC_ARC = YES;
				CLANG_WARN_BOOL_CONVERSION = YES;
				CLANG_WARN_CONSTANT_CONVERSION = YES;
				CLANG_WARN_DIRECT_OBJC_ISA_USAGE = YES_ERROR;
				CLANG_WARN_EMPTY_BODY = YES;
				CLANG_WARN_ENUM_CONVERSION = YES;
				CLANG_WARN_INT_CONVERSION = YES;
				CLANG_WARN_OBJC_ROOT_CLASS = YES_ERROR;
				CLANG_WARN_UNREACHABLE_CODE = YES;
				CLANG_WARN__DUPLICATE_METHOD_MATCH = YES;
				"CODE_SIGN_IDENTITY[sdk=iphoneos*]" = "iPhone Developer";
				COPY_PHASE_STRIP = YES;
				ENABLE_NS_ASSERTIONS = NO;
				ENABLE_STRICT_OBJC_MSGSEND = YES;
				GCC_C_LANGUAGE_STANDARD = gnu99;
				GCC_WARN_64_TO_32_BIT_CONVERSION = YES;
				GCC_WARN_ABOUT_RETURN_TYPE = YES_ERROR;
				GCC_WARN_UNDECLARED_SELECTOR = YES;
				GCC_WARN_UNINITIALIZED_AUTOS = YES_AGGRESSIVE;
				GCC_WARN_UNUSED_FUNCTION = YES;
				GCC_WARN_UNUSED_VARIABLE = YES;
				IPHONEOS_DEPLOYMENT_TARGET = 8.1;
				MTL_ENABLE_DEBUG_INFO = NO;
				SDKROOT = iphoneos;
				VALIDATE_PRODUCT = YES;
			};
			name = Release;
		};
		A73525A81A05E18B00371E8A /* Debug */ = {
			isa = XCBuildConfiguration;
			buildSettings = {
				ASSETCATALOG_COMPILER_APPICON_NAME = AppIcon;
				INFOPLIST_FILE = PlayTheMarketMKII/Info.plist;
				LD_RUNPATH_SEARCH_PATHS = "$(inherited) @executable_path/Frameworks";
				PRODUCT_NAME = "$(TARGET_NAME)";
			};
			name = Debug;
		};
		A73525A91A05E18B00371E8A /* Release */ = {
			isa = XCBuildConfiguration;
			buildSettings = {
				ASSETCATALOG_COMPILER_APPICON_NAME = AppIcon;
				INFOPLIST_FILE = PlayTheMarketMKII/Info.plist;
				LD_RUNPATH_SEARCH_PATHS = "$(inherited) @executable_path/Frameworks";
				PRODUCT_NAME = "$(TARGET_NAME)";
			};
			name = Release;
		};
		A73525AB1A05E18B00371E8A /* Debug */ = {
			isa = XCBuildConfiguration;
			buildSettings = {
				BUNDLE_LOADER = "$(TEST_HOST)";
				FRAMEWORK_SEARCH_PATHS = (
					"$(SDKROOT)/Developer/Library/Frameworks",
					"$(inherited)",
				);
				GCC_PREPROCESSOR_DEFINITIONS = (
					"DEBUG=1",
					"$(inherited)",
				);
				INFOPLIST_FILE = PlayTheMarketMKIITests/Info.plist;
				LD_RUNPATH_SEARCH_PATHS = "$(inherited) @executable_path/Frameworks @loader_path/Frameworks";
				PRODUCT_NAME = "$(TARGET_NAME)";
				TEST_HOST = "$(BUILT_PRODUCTS_DIR)/PlayTheMarketMKII.app/PlayTheMarketMKII";
			};
			name = Debug;
		};
		A73525AC1A05E18B00371E8A /* Release */ = {
			isa = XCBuildConfiguration;
			buildSettings = {
				BUNDLE_LOADER = "$(TEST_HOST)";
				FRAMEWORK_SEARCH_PATHS = (
					"$(SDKROOT)/Developer/Library/Frameworks",
					"$(inherited)",
				);
				INFOPLIST_FILE = PlayTheMarketMKIITests/Info.plist;
				LD_RUNPATH_SEARCH_PATHS = "$(inherited) @executable_path/Frameworks @loader_path/Frameworks";
				PRODUCT_NAME = "$(TARGET_NAME)";
				TEST_HOST = "$(BUILT_PRODUCTS_DIR)/PlayTheMarketMKII.app/PlayTheMarketMKII";
			};
			name = Release;
		};
/* End XCBuildConfiguration section */

/* Begin XCConfigurationList section */
		A735257F1A05E18B00371E8A /* Build configuration list for PBXProject "PlayTheMarketMKII" */ = {
			isa = XCConfigurationList;
			buildConfigurations = (
				A73525A51A05E18B00371E8A /* Debug */,
				A73525A61A05E18B00371E8A /* Release */,
			);
			defaultConfigurationIsVisible = 0;
			defaultConfigurationName = Release;
		};
		A73525A71A05E18B00371E8A /* Build configuration list for PBXNativeTarget "PlayTheMarketMKII" */ = {
			isa = XCConfigurationList;
			buildConfigurations = (
				A73525A81A05E18B00371E8A /* Debug */,
				A73525A91A05E18B00371E8A /* Release */,
			);
			defaultConfigurationIsVisible = 0;
		};
		A73525AA1A05E18B00371E8A /* Build configuration list for PBXNativeTarget "PlayTheMarketMKIITests" */ = {
			isa = XCConfigurationList;
			buildConfigurations = (
				A73525AB1A05E18B00371E8A /* Debug */,
				A73525AC1A05E18B00371E8A /* Release */,
			);
			defaultConfigurationIsVisible = 0;
		};
/* End XCConfigurationList section */
	};
	rootObject = A735257C1A05E18B00371E8A /* Project object */;
}
